
Microsoft Visual Studio Solution File, Format Version 12.00
# Visual Studio 14
VisualStudioVersion = 14.0.25420.1
MinimumVisualStudioVersion = 10.0.40219.1
Project("{8BC9CEB8-8B4A-11D0-8D11-00A0C91BC942}") = "evn", "ffmpeg_My\ffmpeg_My.vcxproj", "{92D63A0F-6B60-417D-A8FB-2278970502C6}"
EndProject
Project("{8BC9CEB8-8B4A-11D0-8D11-00A0C91BC942}") = "windows", "windows\windows.vcxproj", "{F1452661-CB10-4068-8926-E3BB9C652A17}"
EndProject
Project("{8BC9CEB8-8B4A-11D0-8D11-00A0C91BC942}") = "test", "test\test.vcxproj", "{16C895B4-48D5-423B-A43A-975CFCA289DE}"
EndProject
Project("{8BC9CEB8-8B4A-11D0-8D11-00A0C91BC942}") = "ffmpeg", "ffmpeg\ffmpeg.vcxproj", "{63CB34E3-3FD4-4EF9-95AF-E7E90BC68711}"
EndProject
Project("{8BC9CEB8-8B4A-11D0-8D11-00A0C91BC942}") = "play", "play\play.vcxproj", "{3E52D251-3592-4998-9ED4-EAAD2327265A}"
EndProject
Project("{8BC9CEB8-8B4A-11D0-8D11-00A0C91BC942}") = "thread", "thread\thread.vcxproj", "{2EAF9ECF-374C-4F86-9724-8DE0B418EF54}"
EndProject
Project("{8BC9CEB8-8B4A-11D0-8D11-00A0C91BC942}") = "threadLock", "threadLock\threadLock.vcxproj", "{D78038E7-7FC3-4AED-91ED-316E2639C9BB}"
EndProject
Project("{8BC9CEB8-8B4A-11D0-8D11-00A0C91BC942}") = "class", "class\class.vcxproj", "{361E761A-682C-48DE-BD47-3068F9309359}"
EndProject
Project("{8BC9CEB8-8B4A-11D0-8D11-00A0C91BC942}") = "playSpeed", "playSpeed\playSpeed.vcxproj", "{EE58099B-422D-403F-B0EB-D02678473AA0}"
EndProject
Project("{8BC9CEB8-8B4A-11D0-8D11-00A0C91BC942}") = "lesson20", "lesson20\lesson20.vcxproj", "{25371B05-0A94-4D30-B2A6-B8A83F47157D}"
EndProject
Project("{8BC9CEB8-8B4A-11D0-8D11-00A0C91BC942}") = "lesson21", "lesson21\lesson21.vcxproj", "{A111B8CA-3380-458D-81F9-B096CA444002}"
EndProject
Project("{8BC9CEB8-8B4A-11D0-8D11-00A0C91BC942}") = "lesson22", "lesson22\lesson22.vcxproj", "{B7BB44BC-A6CB-4B15-B0CC-1CDC5DABA7E3}"
EndProject
Global
	GlobalSection(SolutionConfigurationPlatforms) = preSolution
		Debug|x64 = Debug|x64
		Debug|x86 = Debug|x86
		Release|x64 = Release|x64
		Release|x86 = Release|x86
	EndGlobalSection
	GlobalSection(ProjectConfigurationPlatforms) = postSolution
		{92D63A0F-6B60-417D-A8FB-2278970502C6}.Debug|x64.ActiveCfg = Debug|x64
		{92D63A0F-6B60-417D-A8FB-2278970502C6}.Debug|x64.Build.0 = Debug|x64
		{92D63A0F-6B60-417D-A8FB-2278970502C6}.Debug|x86.ActiveCfg = Debug|Win32
		{92D63A0F-6B60-417D-A8FB-2278970502C6}.Debug|x86.Build.0 = Debug|Win32
		{92D63A0F-6B60-417D-A8FB-2278970502C6}.Release|x64.ActiveCfg = Release|x64
		{92D63A0F-6B60-417D-A8FB-2278970502C6}.Release|x64.Build.0 = Release|x64
		{92D63A0F-6B60-417D-A8FB-2278970502C6}.Release|x86.ActiveCfg = Release|Win32
		{92D63A0F-6B60-417D-A8FB-2278970502C6}.Release|x86.Build.0 = Release|Win32
		{F1452661-CB10-4068-8926-E3BB9C652A17}.Debug|x64.ActiveCfg = Debug|x64
		{F1452661-CB10-4068-8926-E3BB9C652A17}.Debug|x64.Build.0 = Debug|x64
		{F1452661-CB10-4068-8926-E3BB9C652A17}.Debug|x86.ActiveCfg = Debug|Win32
		{F1452661-CB10-4068-8926-E3BB9C652A17}.Debug|x86.Build.0 = Debug|Win32
		{F1452661-CB10-4068-8926-E3BB9C652A17}.Release|x64.ActiveCfg = Release|x64
		{F1452661-CB10-4068-8926-E3BB9C652A17}.Release|x64.Build.0 = Release|x64
		{F1452661-CB10-4068-8926-E3BB9C652A17}.Release|x86.ActiveCfg = Release|Win32
		{F1452661-CB10-4068-8926-E3BB9C652A17}.Release|x86.Build.0 = Release|Win32
		{16C895B4-48D5-423B-A43A-975CFCA289DE}.Debug|x64.ActiveCfg = Debug|x64
		{16C895B4-48D5-423B-A43A-975CFCA289DE}.Debug|x64.Build.0 = Debug|x64
		{16C895B4-48D5-423B-A43A-975CFCA289DE}.Debug|x86.ActiveCfg = Debug|Win32
		{16C895B4-48D5-423B-A43A-975CFCA289DE}.Debug|x86.Build.0 = Debug|Win32
		{16C895B4-48D5-423B-A43A-975CFCA289DE}.Release|x64.ActiveCfg = Release|x64
		{16C895B4-48D5-423B-A43A-975CFCA289DE}.Release|x64.Build.0 = Release|x64
		{16C895B4-48D5-423B-A43A-975CFCA289DE}.Release|x86.ActiveCfg = Release|Win32
		{16C895B4-48D5-423B-A43A-975CFCA289DE}.Release|x86.Build.0 = Release|Win32
		{63CB34E3-3FD4-4EF9-95AF-E7E90BC68711}.Debug|x64.ActiveCfg = Debug|x64
		{63CB34E3-3FD4-4EF9-95AF-E7E90BC68711}.Debug|x64.Build.0 = Debug|x64
		{63CB34E3-3FD4-4EF9-95AF-E7E90BC68711}.Debug|x86.ActiveCfg = Debug|Win32
		{63CB34E3-3FD4-4EF9-95AF-E7E90BC68711}.Debug|x86.Build.0 = Debug|Win32
		{63CB34E3-3FD4-4EF9-95AF-E7E90BC68711}.Release|x64.ActiveCfg = Release|x64
		{63CB34E3-3FD4-4EF9-95AF-E7E90BC68711}.Release|x64.Build.0 = Release|x64
		{63CB34E3-3FD4-4EF9-95AF-E7E90BC68711}.Release|x86.ActiveCfg = Release|Win32
		{63CB34E3-3FD4-4EF9-95AF-E7E90BC68711}.Release|x86.Build.0 = Release|Win32
		{3E52D251-3592-4998-9ED4-EAAD2327265A}.Debug|x64.ActiveCfg = Debug|x64
		{3E52D251-3592-4998-9ED4-EAAD2327265A}.Debug|x64.Build.0 = Debug|x64
		{3E52D251-3592-4998-9ED4-EAAD2327265A}.Debug|x86.ActiveCfg = Debug|Win32
		{3E52D251-3592-4998-9ED4-EAAD2327265A}.Debug|x86.Build.0 = Debug|Win32
		{3E52D251-3592-4998-9ED4-EAAD2327265A}.Release|x64.ActiveCfg = Release|x64
		{3E52D251-3592-4998-9ED4-EAAD2327265A}.Release|x64.Build.0 = Release|x64
		{3E52D251-3592-4998-9ED4-EAAD2327265A}.Release|x86.ActiveCfg = Release|Win32
		{3E52D251-3592-4998-9ED4-EAAD2327265A}.Release|x86.Build.0 = Release|Win32
		{2EAF9ECF-374C-4F86-9724-8DE0B418EF54}.Debug|x64.ActiveCfg = Debug|x64
		{2EAF9ECF-374C-4F86-9724-8DE0B418EF54}.Debug|x64.Build.0 = Debug|x64
		{2EAF9ECF-374C-4F86-9724-8DE0B418EF54}.Debug|x86.ActiveCfg = Debug|Win32
		{2EAF9ECF-374C-4F86-9724-8DE0B418EF54}.Debug|x86.Build.0 = Debug|Win32
		{2EAF9ECF-374C-4F86-9724-8DE0B418EF54}.Release|x64.ActiveCfg = Release|x64
		{2EAF9ECF-374C-4F86-9724-8DE0B418EF54}.Release|x64.Build.0 = Release|x64
		{2EAF9ECF-374C-4F86-9724-8DE0B418EF54}.Release|x86.ActiveCfg = Release|Win32
		{2EAF9ECF-374C-4F86-9724-8DE0B418EF54}.Release|x86.Build.0 = Release|Win32
		{D78038E7-7FC3-4AED-91ED-316E2639C9BB}.Debug|x64.ActiveCfg = Debug|x64
		{D78038E7-7FC3-4AED-91ED-316E2639C9BB}.Debug|x64.Build.0 = Debug|x64
		{D78038E7-7FC3-4AED-91ED-316E2639C9BB}.Debug|x86.ActiveCfg = Debug|Win32
		{D78038E7-7FC3-4AED-91ED-316E2639C9BB}.Debug|x86.Build.0 = Debug|Win32
		{D78038E7-7FC3-4AED-91ED-316E2639C9BB}.Release|x64.ActiveCfg = Release|x64
		{D78038E7-7FC3-4AED-91ED-316E2639C9BB}.Release|x64.Build.0 = Release|x64
		{D78038E7-7FC3-4AED-91ED-316E2639C9BB}.Release|x86.ActiveCfg = Release|Win32
		{D78038E7-7FC3-4AED-91ED-316E2639C9BB}.Release|x86.Build.0 = Release|Win32
		{361E761A-682C-48DE-BD47-3068F9309359}.Debug|x64.ActiveCfg = Debug|x64
		{361E761A-682C-48DE-BD47-3068F9309359}.Debug|x64.Build.0 = Debug|x64
		{361E761A-682C-48DE-BD47-3068F9309359}.Debug|x86.ActiveCfg = Debug|Win32
		{361E761A-682C-48DE-BD47-3068F9309359}.Debug|x86.Build.0 = Debug|Win32
		{361E761A-682C-48DE-BD47-3068F9309359}.Release|x64.ActiveCfg = Release|x64
		{361E761A-682C-48DE-BD47-3068F9309359}.Release|x64.Build.0 = Release|x64
		{361E761A-682C-48DE-BD47-3068F9309359}.Release|x86.ActiveCfg = Release|Win32
		{361E761A-682C-48DE-BD47-3068F9309359}.Release|x86.Build.0 = Release|Win32
		{EE58099B-422D-403F-B0EB-D02678473AA0}.Debug|x64.ActiveCfg = Debug|x64
		{EE58099B-422D-403F-B0EB-D02678473AA0}.Debug|x64.Build.0 = Debug|x64
		{EE58099B-422D-403F-B0EB-D02678473AA0}.Debug|x86.ActiveCfg = Debug|Win32
		{EE58099B-422D-403F-B0EB-D02678473AA0}.Debug|x86.Build.0 = Debug|Win32
		{EE58099B-422D-403F-B0EB-D02678473AA0}.Release|x64.ActiveCfg = Release|x64
		{EE58099B-422D-403F-B0EB-D02678473AA0}.Release|x64.Build.0 = Release|x64
		{EE58099B-422D-403F-B0EB-D02678473AA0}.Release|x86.ActiveCfg = Release|Win32
		{EE58099B-422D-403F-B0EB-D02678473AA0}.Release|x86.Build.0 = Release|Win32
		{25371B05-0A94-4D30-B2A6-B8A83F47157D}.Debug|x64.ActiveCfg = Debug|x64
		{25371B05-0A94-4D30-B2A6-B8A83F47157D}.Debug|x64.Build.0 = Debug|x64
		{25371B05-0A94-4D30-B2A6-B8A83F47157D}.Debug|x86.ActiveCfg = Debug|Win32
		{25371B05-0A94-4D30-B2A6-B8A83F47157D}.Debug|x86.Build.0 = Debug|Win32
		{25371B05-0A94-4D30-B2A6-B8A83F47157D}.Release|x64.ActiveCfg = Release|x64
		{25371B05-0A94-4D30-B2A6-B8A83F47157D}.Release|x64.Build.0 = Release|x64
		{25371B05-0A94-4D30-B2A6-B8A83F47157D}.Release|x86.ActiveCfg = Release|Win32
		{25371B05-0A94-4D30-B2A6-B8A83F47157D}.Release|x86.Build.0 = Release|Win32
		{A111B8CA-3380-458D-81F9-B096CA444002}.Debug|x64.ActiveCfg = Debug|x64
		{A111B8CA-3380-458D-81F9-B096CA444002}.Debug|x64.Build.0 = Debug|x64
		{A111B8CA-3380-458D-81F9-B096CA444002}.Debug|x86.ActiveCfg = Debug|Win32
		{A111B8CA-3380-458D-81F9-B096CA444002}.Debug|x86.Build.0 = Debug|Win32
		{A111B8CA-3380-458D-81F9-B096CA444002}.Release|x64.ActiveCfg = Release|x64
		{A111B8CA-3380-458D-81F9-B096CA444002}.Release|x64.Build.0 = Release|x64
		{A111B8CA-3380-458D-81F9-B096CA444002}.Release|x86.ActiveCfg = Release|Win32
		{A111B8CA-3380-458D-81F9-B096CA444002}.Release|x86.Build.0 = Release|Win32
		{B7BB44BC-A6CB-4B15-B0CC-1CDC5DABA7E3}.Debug|x64.ActiveCfg = Debug|x64
		{B7BB44BC-A6CB-4B15-B0CC-1CDC5DABA7E3}.Debug|x64.Build.0 = Debug|x64
		{B7BB44BC-A6CB-4B15-B0CC-1CDC5DABA7E3}.Debug|x86.ActiveCfg = Debug|Win32
		{B7BB44BC-A6CB-4B15-B0CC-1CDC5DABA7E3}.Debug|x86.Build.0 = Debug|Win32
		{B7BB44BC-A6CB-4B15-B0CC-1CDC5DABA7E3}.Release|x64.ActiveCfg = Release|x64
		{B7BB44BC-A6CB-4B15-B0CC-1CDC5DABA7E3}.Release|x64.Build.0 = Release|x64
		{B7BB44BC-A6CB-4B15-B0CC-1CDC5DABA7E3}.Release|x86.ActiveCfg = Release|Win32
		{B7BB44BC-A6CB-4B15-B0CC-1CDC5DABA7E3}.Release|x86.Build.0 = Release|Win32
	EndGlobalSection
	GlobalSection(SolutionProperties) = preSolution
		HideSolutionNode = FALSE
	EndGlobalSection
EndGlobal
